
Microsoft Visual Studio Solution File, Format Version 11.00
# Visual Studio 2010
Project("{FAE04EC0-301F-11D3-BF4B-00C04F79EFBC}") = "Assembly-CSharp", "Assembly-CSharp.csproj", "{81290C65-80D5-8226-A521-BF861A132407}"
EndProject
Project("{FAE04EC0-301F-11D3-BF4B-00C04F79EFBC}") = "Assembly-CSharp-firstpass", "Assembly-CSharp-firstpass.csproj", "{165C8BBB-4C8E-5A02-1C89-1A76590BD7EB}"
EndProject
Project("{FAE04EC0-301F-11D3-BF4B-00C04F79EFBC}") = "Assembly-CSharp-Editor", "Assembly-CSharp-Editor.csproj", "{4E31AD1B-0CF8-BEC0-5B10-409105AE4C43}"
EndProject
Global
	GlobalSection(SolutionConfigurationPlatforms) = preSolution
		Debug|Any CPU = Debug|Any CPU
		Release|Any CPU = Release|Any CPU
	EndGlobalSection
	GlobalSection(ProjectConfigurationPlatforms) = postSolution
		{81290C65-80D5-8226-A521-BF861A132407}.Debug|Any CPU.ActiveCfg = Debug|Any CPU
		{81290C65-80D5-8226-A521-BF861A132407}.Debug|Any CPU.Build.0 = Debug|Any CPU
		{81290C65-80D5-8226-A521-BF861A132407}.Release|Any CPU.ActiveCfg = Release|Any CPU
		{81290C65-80D5-8226-A521-BF861A132407}.Release|Any CPU.Build.0 = Release|Any CPU
		{165C8BBB-4C8E-5A02-1C89-1A76590BD7EB}.Debug|Any CPU.ActiveCfg = Debug|Any CPU
		{165C8BBB-4C8E-5A02-1C89-1A76590BD7EB}.Debug|Any CPU.Build.0 = Debug|Any CPU
		{165C8BBB-4C8E-5A02-1C89-1A76590BD7EB}.Release|Any CPU.ActiveCfg = Release|Any CPU
		{165C8BBB-4C8E-5A02-1C89-1A76590BD7EB}.Release|Any CPU.Build.0 = Release|Any CPU
		{4E31AD1B-0CF8-BEC0-5B10-409105AE4C43}.Debug|Any CPU.ActiveCfg = Debug|Any CPU
		{4E31AD1B-0CF8-BEC0-5B10-409105AE4C43}.Debug|Any CPU.Build.0 = Debug|Any CPU
		{4E31AD1B-0CF8-BEC0-5B10-409105AE4C43}.Release|Any CPU.ActiveCfg = Release|Any CPU
		{4E31AD1B-0CF8-BEC0-5B10-409105AE4C43}.Release|Any CPU.Build.0 = Release|Any CPU
	EndGlobalSection
	GlobalSection(SolutionProperties) = preSolution
		HideSolutionNode = FALSE
	EndGlobalSection
EndGlobal
